
Microsoft Visual Studio Solution File, Format Version 12.00
# Visual Studio Version 17
VisualStudioVersion = 17.13.35806.99
MinimumVisualStudioVersion = 10.0.40219.1
Project("{FAE04EC0-301F-11D3-BF4B-00C04F79EFBC}") = "Commons", "Commons\Commons.csproj", "{63DBA31C-CD5E-47CD-AC52-DD1255099A4F}"
EndProject
Project("{FAE04EC0-301F-11D3-BF4B-00C04F79EFBC}") = "ConfigJSON", "ConfigJSON\ConfigJSON.csproj", "{9A8562C6-1661-4762-956B-1DC8D8A8FAA5}"
EndProject
Project("{FAE04EC0-301F-11D3-BF4B-00C04F79EFBC}") = "BatchProcessor.Tests", "BatchProcessor.Tests\BatchProcessor.Tests.csproj", "{FDC365E4-49C0-AB43-7256-66CC88A29831}"
EndProject
Project("{FAE04EC0-301F-11D3-BF4B-00C04F79EFBC}") = "RhinoCore.Tests", "RhinoCore.Tests\RhinoCore.Tests.csproj", "{C23140DE-F7BB-4A9B-9627-1BCD47ED3033}"
EndProject
Project("{FAE04EC0-301F-11D3-BF4B-00C04F79EFBC}") = "RhinoCore", "RhinoCore\RhinoCore.csproj", "{B5B859A0-7086-F687-2074-D8E9D0C01FFD}"
EndProject
Project("{FAE04EC0-301F-11D3-BF4B-00C04F79EFBC}") = "DI", "DI\DI.csproj", "{E2F07CE8-0CF5-A53F-BB4A-8FFEB7CFC763}"
EndProject
Project("{FAE04EC0-301F-11D3-BF4B-00C04F79EFBC}") = "Batch", "Batch\Batch.csproj", "{1DC90BEC-07CC-12B6-B323-A1B87B9945D0}"
EndProject
Global
	GlobalSection(SolutionConfigurationPlatforms) = preSolution
		Debug|Any CPU = Debug|Any CPU
		Debug|x64 = Debug|x64
		Release|Any CPU = Release|Any CPU
		Release|x64 = Release|x64
	EndGlobalSection
	GlobalSection(ProjectConfigurationPlatforms) = postSolution
		{63DBA31C-CD5E-47CD-AC52-DD1255099A4F}.Debug|Any CPU.ActiveCfg = Debug|Any CPU
		{63DBA31C-CD5E-47CD-AC52-DD1255099A4F}.Debug|Any CPU.Build.0 = Debug|Any CPU
		{63DBA31C-CD5E-47CD-AC52-DD1255099A4F}.Debug|x64.ActiveCfg = Debug|Any CPU
		{63DBA31C-CD5E-47CD-AC52-DD1255099A4F}.Debug|x64.Build.0 = Debug|Any CPU
		{63DBA31C-CD5E-47CD-AC52-DD1255099A4F}.Release|Any CPU.ActiveCfg = Release|Any CPU
		{63DBA31C-CD5E-47CD-AC52-DD1255099A4F}.Release|Any CPU.Build.0 = Release|Any CPU
		{63DBA31C-CD5E-47CD-AC52-DD1255099A4F}.Release|x64.ActiveCfg = Release|Any CPU
		{63DBA31C-CD5E-47CD-AC52-DD1255099A4F}.Release|x64.Build.0 = Release|Any CPU
		{9A8562C6-1661-4762-956B-1DC8D8A8FAA5}.Debug|Any CPU.ActiveCfg = Debug|Any CPU
		{9A8562C6-1661-4762-956B-1DC8D8A8FAA5}.Debug|Any CPU.Build.0 = Debug|Any CPU
		{9A8562C6-1661-4762-956B-1DC8D8A8FAA5}.Debug|x64.ActiveCfg = Debug|Any CPU
		{9A8562C6-1661-4762-956B-1DC8D8A8FAA5}.Debug|x64.Build.0 = Debug|Any CPU
		{9A8562C6-1661-4762-956B-1DC8D8A8FAA5}.Release|Any CPU.ActiveCfg = Release|Any CPU
		{9A8562C6-1661-4762-956B-1DC8D8A8FAA5}.Release|Any CPU.Build.0 = Release|Any CPU
		{9A8562C6-1661-4762-956B-1DC8D8A8FAA5}.Release|x64.ActiveCfg = Release|Any CPU
		{9A8562C6-1661-4762-956B-1DC8D8A8FAA5}.Release|x64.Build.0 = Release|Any CPU
		{FDC365E4-49C0-AB43-7256-66CC88A29831}.Debug|Any CPU.ActiveCfg = Debug|Any CPU
		{FDC365E4-49C0-AB43-7256-66CC88A29831}.Debug|Any CPU.Build.0 = Debug|Any CPU
		{FDC365E4-49C0-AB43-7256-66CC88A29831}.Debug|x64.ActiveCfg = Debug|x64
		{FDC365E4-49C0-AB43-7256-66CC88A29831}.Debug|x64.Build.0 = Debug|x64
		{FDC365E4-49C0-AB43-7256-66CC88A29831}.Release|Any CPU.ActiveCfg = Release|Any CPU
		{FDC365E4-49C0-AB43-7256-66CC88A29831}.Release|Any CPU.Build.0 = Release|Any CPU
		{FDC365E4-49C0-AB43-7256-66CC88A29831}.Release|x64.ActiveCfg = Release|x64
		{FDC365E4-49C0-AB43-7256-66CC88A29831}.Release|x64.Build.0 = Release|x64
		{C23140DE-F7BB-4A9B-9627-1BCD47ED3033}.Debug|Any CPU.ActiveCfg = Debug|Any CPU
		{C23140DE-F7BB-4A9B-9627-1BCD47ED3033}.Debug|Any CPU.Build.0 = Debug|Any CPU
		{C23140DE-F7BB-4A9B-9627-1BCD47ED3033}.Debug|x64.ActiveCfg = Debug|Any CPU
		{C23140DE-F7BB-4A9B-9627-1BCD47ED3033}.Debug|x64.Build.0 = Debug|Any CPU
		{C23140DE-F7BB-4A9B-9627-1BCD47ED3033}.Release|Any CPU.ActiveCfg = Release|Any CPU
		{C23140DE-F7BB-4A9B-9627-1BCD47ED3033}.Release|Any CPU.Build.0 = Release|Any CPU
		{C23140DE-F7BB-4A9B-9627-1BCD47ED3033}.Release|x64.ActiveCfg = Release|Any CPU
		{C23140DE-F7BB-4A9B-9627-1BCD47ED3033}.Release|x64.Build.0 = Release|Any CPU
		{B5B859A0-7086-F687-2074-D8E9D0C01FFD}.Debug|Any CPU.ActiveCfg = Debug|Any CPU
		{B5B859A0-7086-F687-2074-D8E9D0C01FFD}.Debug|Any CPU.Build.0 = Debug|Any CPU
		{B5B859A0-7086-F687-2074-D8E9D0C01FFD}.Debug|x64.ActiveCfg = Debug|x64
		{B5B859A0-7086-F687-2074-D8E9D0C01FFD}.Debug|x64.Build.0 = Debug|x64
		{B5B859A0-7086-F687-2074-D8E9D0C01FFD}.Release|Any CPU.ActiveCfg = Release|Any CPU
		{B5B859A0-7086-F687-2074-D8E9D0C01FFD}.Release|Any CPU.Build.0 = Release|Any CPU
		{B5B859A0-7086-F687-2074-D8E9D0C01FFD}.Release|x64.ActiveCfg = Release|x64
		{B5B859A0-7086-F687-2074-D8E9D0C01FFD}.Release|x64.Build.0 = Release|x64
		{E2F07CE8-0CF5-A53F-BB4A-8FFEB7CFC763}.Debug|Any CPU.ActiveCfg = Debug|Any CPU
		{E2F07CE8-0CF5-A53F-BB4A-8FFEB7CFC763}.Debug|Any CPU.Build.0 = Debug|Any CPU
		{E2F07CE8-0CF5-A53F-BB4A-8FFEB7CFC763}.Debug|x64.ActiveCfg = Debug|x64
		{E2F07CE8-0CF5-A53F-BB4A-8FFEB7CFC763}.Debug|x64.Build.0 = Debug|x64
		{E2F07CE8-0CF5-A53F-BB4A-8FFEB7CFC763}.Release|Any CPU.ActiveCfg = Release|Any CPU
		{E2F07CE8-0CF5-A53F-BB4A-8FFEB7CFC763}.Release|Any CPU.Build.0 = Release|Any CPU
		{E2F07CE8-0CF5-A53F-BB4A-8FFEB7CFC763}.Release|x64.ActiveCfg = Release|x64
		{E2F07CE8-0CF5-A53F-BB4A-8FFEB7CFC763}.Release|x64.Build.0 = Release|x64
		{1DC90BEC-07CC-12B6-B323-A1B87B9945D0}.Debug|Any CPU.ActiveCfg = Debug|Any CPU
		{1DC90BEC-07CC-12B6-B323-A1B87B9945D0}.Debug|Any CPU.Build.0 = Debug|Any CPU
		{1DC90BEC-07CC-12B6-B323-A1B87B9945D0}.Debug|x64.ActiveCfg = Debug|x64
		{1DC90BEC-07CC-12B6-B323-A1B87B9945D0}.Debug|x64.Build.0 = Debug|x64
		{1DC90BEC-07CC-12B6-B323-A1B87B9945D0}.Release|Any CPU.ActiveCfg = Release|Any CPU
		{1DC90BEC-07CC-12B6-B323-A1B87B9945D0}.Release|Any CPU.Build.0 = Release|Any CPU
		{1DC90BEC-07CC-12B6-B323-A1B87B9945D0}.Release|x64.ActiveCfg = Release|x64
		{1DC90BEC-07CC-12B6-B323-A1B87B9945D0}.Release|x64.Build.0 = Release|x64
	EndGlobalSection
	GlobalSection(SolutionProperties) = preSolution
		HideSolutionNode = FALSE
	EndGlobalSection
	GlobalSection(ExtensibilityGlobals) = postSolution
		SolutionGuid = {EBD7C754-9CC9-49B4-A147-AD4E5055932E}
	EndGlobalSection
EndGlobal
